// !$*UTF8*$!
{
	archiveVersion = 1;
	classes = {
	};
	objectVersion = 46;
	objects = {

/* Begin PBXBuildFile section */
		94786B5D1E9C653D0081934A /* PhotoshootViewerVC.swift in Sources */ = {isa = PBXBuildFile; fileRef = 94786B5C1E9C653D0081934A /* PhotoshootViewerVC.swift */; };
		947F63471E9C294600046F9C /* PhotosTableViewCell.swift in Sources */ = {isa = PBXBuildFile; fileRef = 947F63461E9C294600046F9C /* PhotosTableViewCell.swift */; };
		948B5A5B1E9C84C50009EEE1 /* Photos.framework in Frameworks */ = {isa = PBXBuildFile; fileRef = 948B5A5A1E9C84C50009EEE1 /* Photos.framework */; };
		948B5A5D1E9D590B0009EEE1 /* Banaue-Regular.otf in Resources */ = {isa = PBXBuildFile; fileRef = 948B5A5C1E9D590B0009EEE1 /* Banaue-Regular.otf */; };
		949ACE6F1E54D555005FCC71 /* AppDelegate.swift in Sources */ = {isa = PBXBuildFile; fileRef = 949ACE6E1E54D555005FCC71 /* AppDelegate.swift */; };
		949ACE711E54D555005FCC71 /* ViewController.swift in Sources */ = {isa = PBXBuildFile; fileRef = 949ACE701E54D555005FCC71 /* ViewController.swift */; };
		949ACE741E54D555005FCC71 /* Main.storyboard in Resources */ = {isa = PBXBuildFile; fileRef = 949ACE721E54D555005FCC71 /* Main.storyboard */; };
		949ACE771E54D555005FCC71 /* BumpTracker.xcdatamodeld in Sources */ = {isa = PBXBuildFile; fileRef = 949ACE751E54D555005FCC71 /* BumpTracker.xcdatamodeld */; };
		949ACE791E54D555005FCC71 /* Assets.xcassets in Resources */ = {isa = PBXBuildFile; fileRef = 949ACE781E54D555005FCC71 /* Assets.xcassets */; };
		949ACE7C1E54D556005FCC71 /* LaunchScreen.storyboard in Resources */ = {isa = PBXBuildFile; fileRef = 949ACE7A1E54D556005FCC71 /* LaunchScreen.storyboard */; };
		949ACE871E54D556005FCC71 /* BumpTrackerTests.swift in Sources */ = {isa = PBXBuildFile; fileRef = 949ACE861E54D556005FCC71 /* BumpTrackerTests.swift */; };
		949ACE921E54D556005FCC71 /* BumpTrackerUITests.swift in Sources */ = {isa = PBXBuildFile; fileRef = 949ACE911E54D556005FCC71 /* BumpTrackerUITests.swift */; };
		949EA2361E82E3CC0045C1FA /* CameraViewController.swift in Sources */ = {isa = PBXBuildFile; fileRef = 949EA2351E82E3CC0045C1FA /* CameraViewController.swift */; };
		94C891771E9742DC009CD07B /* OpenCVWrapper.mm in Sources */ = {isa = PBXBuildFile; fileRef = 94C891761E9742DC009CD07B /* OpenCVWrapper.mm */; };
/* End PBXBuildFile section */

/* Begin PBXContainerItemProxy section */
		949ACE831E54D556005FCC71 /* PBXContainerItemProxy */ = {
			isa = PBXContainerItemProxy;
			containerPortal = 949ACE631E54D555005FCC71 /* Project object */;
			proxyType = 1;
			remoteGlobalIDString = 949ACE6A1E54D555005FCC71;
			remoteInfo = BumpTracker;
		};
		949ACE8E1E54D556005FCC71 /* PBXContainerItemProxy */ = {
			isa = PBXContainerItemProxy;
			containerPortal = 949ACE631E54D555005FCC71 /* Project object */;
			proxyType = 1;
			remoteGlobalIDString = 949ACE6A1E54D555005FCC71;
			remoteInfo = BumpTracker;
		};
/* End PBXContainerItemProxy section */

/* Begin PBXFileReference section */
		94786B5C1E9C653D0081934A /* PhotoshootViewerVC.swift */ = {isa = PBXFileReference; fileEncoding = 4; lastKnownFileType = sourcecode.swift; path = PhotoshootViewerVC.swift; sourceTree = "<group>"; };
		947F63461E9C294600046F9C /* PhotosTableViewCell.swift */ = {isa = PBXFileReference; fileEncoding = 4; lastKnownFileType = sourcecode.swift; path = PhotosTableViewCell.swift; sourceTree = "<group>"; };
		948B5A5A1E9C84C50009EEE1 /* Photos.framework */ = {isa = PBXFileReference; lastKnownFileType = wrapper.framework; name = Photos.framework; path = System/Library/Frameworks/Photos.framework; sourceTree = SDKROOT; };
		948B5A5C1E9D590B0009EEE1 /* Banaue-Regular.otf */ = {isa = PBXFileReference; lastKnownFileType = file; path = "Banaue-Regular.otf"; sourceTree = "<group>"; };
		949ACE6B1E54D555005FCC71 /* BumpTracker.app */ = {isa = PBXFileReference; explicitFileType = wrapper.application; includeInIndex = 0; path = BumpTracker.app; sourceTree = BUILT_PRODUCTS_DIR; };
		949ACE6E1E54D555005FCC71 /* AppDelegate.swift */ = {isa = PBXFileReference; lastKnownFileType = sourcecode.swift; path = AppDelegate.swift; sourceTree = "<group>"; };
		949ACE701E54D555005FCC71 /* ViewController.swift */ = {isa = PBXFileReference; lastKnownFileType = sourcecode.swift; path = ViewController.swift; sourceTree = "<group>"; };
		949ACE731E54D555005FCC71 /* Base */ = {isa = PBXFileReference; lastKnownFileType = file.storyboard; name = Base; path = Base.lproj/Main.storyboard; sourceTree = "<group>"; };
		949ACE761E54D555005FCC71 /* BumpTracker.xcdatamodel */ = {isa = PBXFileReference; lastKnownFileType = wrapper.xcdatamodel; path = BumpTracker.xcdatamodel; sourceTree = "<group>"; };
		949ACE781E54D555005FCC71 /* Assets.xcassets */ = {isa = PBXFileReference; lastKnownFileType = folder.assetcatalog; path = Assets.xcassets; sourceTree = "<group>"; };
		949ACE7B1E54D556005FCC71 /* Base */ = {isa = PBXFileReference; lastKnownFileType = file.storyboard; name = Base; path = Base.lproj/LaunchScreen.storyboard; sourceTree = "<group>"; };
		949ACE7D1E54D556005FCC71 /* Info.plist */ = {isa = PBXFileReference; lastKnownFileType = text.plist.xml; path = Info.plist; sourceTree = "<group>"; };
		949ACE821E54D556005FCC71 /* BumpTrackerTests.xctest */ = {isa = PBXFileReference; explicitFileType = wrapper.cfbundle; includeInIndex = 0; path = BumpTrackerTests.xctest; sourceTree = BUILT_PRODUCTS_DIR; };
		949ACE861E54D556005FCC71 /* BumpTrackerTests.swift */ = {isa = PBXFileReference; lastKnownFileType = sourcecode.swift; path = BumpTrackerTests.swift; sourceTree = "<group>"; };
		949ACE881E54D556005FCC71 /* Info.plist */ = {isa = PBXFileReference; lastKnownFileType = text.plist.xml; path = Info.plist; sourceTree = "<group>"; };
		949ACE8D1E54D556005FCC71 /* BumpTrackerUITests.xctest */ = {isa = PBXFileReference; explicitFileType = wrapper.cfbundle; includeInIndex = 0; path = BumpTrackerUITests.xctest; sourceTree = BUILT_PRODUCTS_DIR; };
		949ACE911E54D556005FCC71 /* BumpTrackerUITests.swift */ = {isa = PBXFileReference; lastKnownFileType = sourcecode.swift; path = BumpTrackerUITests.swift; sourceTree = "<group>"; };
		949ACE931E54D556005FCC71 /* Info.plist */ = {isa = PBXFileReference; lastKnownFileType = text.plist.xml; path = Info.plist; sourceTree = "<group>"; };
		949BE85B1E9744EF005ED324 /* opencv2.framework */ = {isa = PBXFileReference; lastKnownFileType = wrapper.framework; name = opencv2.framework; path = BumpTracker/opencv2.framework; sourceTree = "<group>"; };
		949EA2351E82E3CC0045C1FA /* CameraViewController.swift */ = {isa = PBXFileReference; fileEncoding = 4; lastKnownFileType = sourcecode.swift; path = CameraViewController.swift; sourceTree = "<group>"; };
		94C891741E9742DC009CD07B /* BumpTracker-Bridging-Header.h */ = {isa = PBXFileReference; lastKnownFileType = sourcecode.c.h; path = "BumpTracker-Bridging-Header.h"; sourceTree = "<group>"; };
		94C891751E9742DC009CD07B /* OpenCVWrapper.h */ = {isa = PBXFileReference; fileEncoding = 4; lastKnownFileType = sourcecode.c.h; path = OpenCVWrapper.h; sourceTree = "<group>"; };
		94C891761E9742DC009CD07B /* OpenCVWrapper.mm */ = {isa = PBXFileReference; fileEncoding = 4; lastKnownFileType = sourcecode.cpp.objcpp; path = OpenCVWrapper.mm; sourceTree = "<group>"; };
/* End PBXFileReference section */

/* Begin PBXFrameworksBuildPhase section */
		949ACE681E54D555005FCC71 /* Frameworks */ = {
			isa = PBXFrameworksBuildPhase;
			buildActionMask = 2147483647;
			files = (
				948B5A5B1E9C84C50009EEE1 /* Photos.framework in Frameworks */,
			);
			runOnlyForDeploymentPostprocessing = 0;
		};
		949ACE7F1E54D556005FCC71 /* Frameworks */ = {
			isa = PBXFrameworksBuildPhase;
			buildActionMask = 2147483647;
			files = (
			);
			runOnlyForDeploymentPostprocessing = 0;
		};
		949ACE8A1E54D556005FCC71 /* Frameworks */ = {
			isa = PBXFrameworksBuildPhase;
			buildActionMask = 2147483647;
			files = (
			);
			runOnlyForDeploymentPostprocessing = 0;
		};
/* End PBXFrameworksBuildPhase section */

/* Begin PBXGroup section */
		949ACE621E54D555005FCC71 = {
			isa = PBXGroup;
			children = (
				949ACE6D1E54D555005FCC71 /* BumpTracker */,
				949ACE851E54D556005FCC71 /* BumpTrackerTests */,
				949ACE901E54D556005FCC71 /* BumpTrackerUITests */,
				949ACE6C1E54D555005FCC71 /* Products */,
				94C891711E974200009CD07B /* Frameworks */,
			);
			sourceTree = "<group>";
		};
		949ACE6C1E54D555005FCC71 /* Products */ = {
			isa = PBXGroup;
			children = (
				949ACE6B1E54D555005FCC71 /* BumpTracker.app */,
				949ACE821E54D556005FCC71 /* BumpTrackerTests.xctest */,
				949ACE8D1E54D556005FCC71 /* BumpTrackerUITests.xctest */,
			);
			name = Products;
			sourceTree = "<group>";
		};
		949ACE6D1E54D555005FCC71 /* BumpTracker */ = {
			isa = PBXGroup;
			children = (
				949ACE6E1E54D555005FCC71 /* AppDelegate.swift */,
				949ACE701E54D555005FCC71 /* ViewController.swift */,
				949ACE721E54D555005FCC71 /* Main.storyboard */,
				947F63461E9C294600046F9C /* PhotosTableViewCell.swift */,
				949EA2351E82E3CC0045C1FA /* CameraViewController.swift */,
				949ACE781E54D555005FCC71 /* Assets.xcassets */,
				949ACE7A1E54D556005FCC71 /* LaunchScreen.storyboard */,
				94C891751E9742DC009CD07B /* OpenCVWrapper.h */,
				94786B5C1E9C653D0081934A /* PhotoshootViewerVC.swift */,
				94C891761E9742DC009CD07B /* OpenCVWrapper.mm */,
				949ACE7D1E54D556005FCC71 /* Info.plist */,
				949ACE751E54D555005FCC71 /* BumpTracker.xcdatamodeld */,
				94C891741E9742DC009CD07B /* BumpTracker-Bridging-Header.h */,
			);
			path = BumpTracker;
			sourceTree = "<group>";
		};
		949ACE851E54D556005FCC71 /* BumpTrackerTests */ = {
			isa = PBXGroup;
			children = (
				949ACE861E54D556005FCC71 /* BumpTrackerTests.swift */,
				949ACE881E54D556005FCC71 /* Info.plist */,
			);
			path = BumpTrackerTests;
			sourceTree = "<group>";
		};
		949ACE901E54D556005FCC71 /* BumpTrackerUITests */ = {
			isa = PBXGroup;
			children = (
				949ACE911E54D556005FCC71 /* BumpTrackerUITests.swift */,
				949ACE931E54D556005FCC71 /* Info.plist */,
			);
			path = BumpTrackerUITests;
			sourceTree = "<group>";
		};
		94C891711E974200009CD07B /* Frameworks */ = {
			isa = PBXGroup;
			children = (
				948B5A5C1E9D590B0009EEE1 /* Banaue-Regular.otf */,
				948B5A5A1E9C84C50009EEE1 /* Photos.framework */,
				949BE85B1E9744EF005ED324 /* opencv2.framework */,
			);
			name = Frameworks;
			sourceTree = "<group>";
		};
/* End PBXGroup section */

/* Begin PBXNativeTarget section */
		949ACE6A1E54D555005FCC71 /* BumpTracker */ = {
			isa = PBXNativeTarget;
			buildConfigurationList = 949ACE961E54D556005FCC71 /* Build configuration list for PBXNativeTarget "BumpTracker" */;
			buildPhases = (
				949ACE671E54D555005FCC71 /* Sources */,
				949ACE681E54D555005FCC71 /* Frameworks */,
				949ACE691E54D555005FCC71 /* Resources */,
			);
			buildRules = (
			);
			dependencies = (
			);
			name = BumpTracker;
			productName = BumpTracker;
			productReference = 949ACE6B1E54D555005FCC71 /* BumpTracker.app */;
			productType = "com.apple.product-type.application";
		};
		949ACE811E54D556005FCC71 /* BumpTrackerTests */ = {
			isa = PBXNativeTarget;
			buildConfigurationList = 949ACE991E54D556005FCC71 /* Build configuration list for PBXNativeTarget "BumpTrackerTests" */;
			buildPhases = (
				949ACE7E1E54D556005FCC71 /* Sources */,
				949ACE7F1E54D556005FCC71 /* Frameworks */,
				949ACE801E54D556005FCC71 /* Resources */,
			);
			buildRules = (
			);
			dependencies = (
				949ACE841E54D556005FCC71 /* PBXTargetDependency */,
			);
			name = BumpTrackerTests;
			productName = BumpTrackerTests;
			productReference = 949ACE821E54D556005FCC71 /* BumpTrackerTests.xctest */;
			productType = "com.apple.product-type.bundle.unit-test";
		};
		949ACE8C1E54D556005FCC71 /* BumpTrackerUITests */ = {
			isa = PBXNativeTarget;
			buildConfigurationList = 949ACE9C1E54D556005FCC71 /* Build configuration list for PBXNativeTarget "BumpTrackerUITests" */;
			buildPhases = (
				949ACE891E54D556005FCC71 /* Sources */,
				949ACE8A1E54D556005FCC71 /* Frameworks */,
				949ACE8B1E54D556005FCC71 /* Resources */,
			);
			buildRules = (
			);
			dependencies = (
				949ACE8F1E54D556005FCC71 /* PBXTargetDependency */,
			);
			name = BumpTrackerUITests;
			productName = BumpTrackerUITests;
			productReference = 949ACE8D1E54D556005FCC71 /* BumpTrackerUITests.xctest */;
			productType = "com.apple.product-type.bundle.ui-testing";
		};
/* End PBXNativeTarget section */

/* Begin PBXProject section */
		949ACE631E54D555005FCC71 /* Project object */ = {
			isa = PBXProject;
			attributes = {
				LastSwiftUpdateCheck = 0820;
				LastUpgradeCheck = 0820;
				ORGANIZATIONNAME = "GNiOS Applications";
				TargetAttributes = {
					949ACE6A1E54D555005FCC71 = {
						CreatedOnToolsVersion = 8.2;
						DevelopmentTeam = 4QWLAVZU44;
						LastSwiftMigration = 0820;
						ProvisioningStyle = Automatic;
					};
					949ACE811E54D556005FCC71 = {
						CreatedOnToolsVersion = 8.2;
						DevelopmentTeam = 4QWLAVZU44;
						ProvisioningStyle = Automatic;
						TestTargetID = 949ACE6A1E54D555005FCC71;
					};
					949ACE8C1E54D556005FCC71 = {
						CreatedOnToolsVersion = 8.2;
						DevelopmentTeam = 4QWLAVZU44;
						ProvisioningStyle = Automatic;
						TestTargetID = 949ACE6A1E54D555005FCC71;
					};
				};
			};
			buildConfigurationList = 949ACE661E54D555005FCC71 /* Build configuration list for PBXProject "BumpTracker" */;
			compatibilityVersion = "Xcode 3.2";
			developmentRegion = English;
			hasScannedForEncodings = 0;
			knownRegions = (
				en,
				Base,
			);
			mainGroup = 949ACE621E54D555005FCC71;
			productRefGroup = 949ACE6C1E54D555005FCC71 /* Products */;
			projectDirPath = "";
			projectRoot = "";
			targets = (
				949ACE6A1E54D555005FCC71 /* BumpTracker */,
				949ACE811E54D556005FCC71 /* BumpTrackerTests */,
				949ACE8C1E54D556005FCC71 /* BumpTrackerUITests */,
			);
		};
/* End PBXProject section */

/* Begin PBXResourcesBuildPhase section */
		949ACE691E54D555005FCC71 /* Resources */ = {
			isa = PBXResourcesBuildPhase;
			buildActionMask = 2147483647;
			files = (
				948B5A5D1E9D590B0009EEE1 /* Banaue-Regular.otf in Resources */,
				949ACE7C1E54D556005FCC71 /* LaunchScreen.storyboard in Resources */,
				949ACE791E54D555005FCC71 /* Assets.xcassets in Resources */,
				949ACE741E54D555005FCC71 /* Main.storyboard in Resources */,
			);
			runOnlyForDeploymentPostprocessing = 0;
		};
		949ACE801E54D556005FCC71 /* Resources */ = {
			isa = PBXResourcesBuildPhase;
			buildActionMask = 2147483647;
			files = (
			);
			runOnlyForDeploymentPostprocessing = 0;
		};
		949ACE8B1E54D556005FCC71 /* Resources */ = {
			isa = PBXResourcesBuildPhase;
			buildActionMask = 2147483647;
			files = (
			);
			runOnlyForDeploymentPostprocessing = 0;
		};
/* End PBXResourcesBuildPhase section */

/* Begin PBXSourcesBuildPhase section */
		949ACE671E54D555005FCC71 /* Sources */ = {
			isa = PBXSourcesBuildPhase;
			buildActionMask = 2147483647;
			files = (
				947F63471E9C294600046F9C /* PhotosTableViewCell.swift in Sources */,
				949ACE711E54D555005FCC71 /* ViewController.swift in Sources */,
				94C891771E9742DC009CD07B /* OpenCVWrapper.mm in Sources */,
				949EA2361E82E3CC0045C1FA /* CameraViewController.swift in Sources */,
				949ACE6F1E54D555005FCC71 /* AppDelegate.swift in Sources */,
				94786B5D1E9C653D0081934A /* PhotoshootViewerVC.swift in Sources */,
				949ACE771E54D555005FCC71 /* BumpTracker.xcdatamodeld in Sources */,
			);
			runOnlyForDeploymentPostprocessing = 0;
		};
		949ACE7E1E54D556005FCC71 /* Sources */ = {
			isa = PBXSourcesBuildPhase;
			buildActionMask = 2147483647;
			files = (
				949ACE871E54D556005FCC71 /* BumpTrackerTests.swift in Sources */,
			);
			runOnlyForDeploymentPostprocessing = 0;
		};
		949ACE891E54D556005FCC71 /* Sources */ = {
			isa = PBXSourcesBuildPhase;
			buildActionMask = 2147483647;
			files = (
				949ACE921E54D556005FCC71 /* BumpTrackerUITests.swift in Sources */,
			);
			runOnlyForDeploymentPostprocessing = 0;
		};
/* End PBXSourcesBuildPhase section */

/* Begin PBXTargetDependency section */
		949ACE841E54D556005FCC71 /* PBXTargetDependency */ = {
			isa = PBXTargetDependency;
			target = 949ACE6A1E54D555005FCC71 /* BumpTracker */;
			targetProxy = 949ACE831E54D556005FCC71 /* PBXContainerItemProxy */;
		};
		949ACE8F1E54D556005FCC71 /* PBXTargetDependency */ = {
			isa = PBXTargetDependency;
			target = 949ACE6A1E54D555005FCC71 /* BumpTracker */;
			targetProxy = 949ACE8E1E54D556005FCC71 /* PBXContainerItemProxy */;
		};
/* End PBXTargetDependency section */

/* Begin PBXVariantGroup section */
		949ACE721E54D555005FCC71 /* Main.storyboard */ = {
			isa = PBXVariantGroup;
			children = (
				949ACE731E54D555005FCC71 /* Base */,
			);
			name = Main.storyboard;
			sourceTree = "<group>";
		};
		949ACE7A1E54D556005FCC71 /* LaunchScreen.storyboard */ = {
			isa = PBXVariantGroup;
			children = (
				949ACE7B1E54D556005FCC71 /* Base */,
			);
			name = LaunchScreen.storyboard;
			sourceTree = "<group>";
		};
/* End PBXVariantGroup section */

/* Begin XCBuildConfiguration section */
		949ACE941E54D556005FCC71 /* Debug */ = {
			isa = XCBuildConfiguration;
			buildSettings = {
				ALWAYS_SEARCH_USER_PATHS = NO;
				CLANG_ANALYZER_NONNULL = YES;
				CLANG_CXX_LANGUAGE_STANDARD = "gnu++0x";
				CLANG_CXX_LIBRARY = "libc++";
				CLANG_ENABLE_MODULES = YES;
				CLANG_ENABLE_OBJC_ARC = YES;
				CLANG_WARN_BOOL_CONVERSION = YES;
				CLANG_WARN_CONSTANT_CONVERSION = YES;
				CLANG_WARN_DIRECT_OBJC_ISA_USAGE = YES_ERROR;
				CLANG_WARN_DOCUMENTATION_COMMENTS = YES;
				CLANG_WARN_EMPTY_BODY = YES;
				CLANG_WARN_ENUM_CONVERSION = YES;
				CLANG_WARN_INFINITE_RECURSION = YES;
				CLANG_WARN_INT_CONVERSION = YES;
				CLANG_WARN_OBJC_ROOT_CLASS = YES_ERROR;
				CLANG_WARN_SUSPICIOUS_MOVE = YES;
				CLANG_WARN_UNREACHABLE_CODE = YES;
				CLANG_WARN__DUPLICATE_METHOD_MATCH = YES;
				"CODE_SIGN_IDENTITY[sdk=iphoneos*]" = "iPhone Developer";
				COPY_PHASE_STRIP = NO;
				DEBUG_INFORMATION_FORMAT = dwarf;
				ENABLE_STRICT_OBJC_MSGSEND = YES;
				ENABLE_TESTABILITY = YES;
				GCC_C_LANGUAGE_STANDARD = gnu99;
				GCC_DYNAMIC_NO_PIC = NO;
				GCC_NO_COMMON_BLOCKS = YES;
				GCC_OPTIMIZATION_LEVEL = 0;
				GCC_PREPROCESSOR_DEFINITIONS = (
					"DEBUG=1",
					"$(inherited)",
				);
				GCC_WARN_64_TO_32_BIT_CONVERSION = YES;
				GCC_WARN_ABOUT_RETURN_TYPE = YES_ERROR;
				GCC_WARN_UNDECLARED_SELECTOR = YES;
				GCC_WARN_UNINITIALIZED_AUTOS = YES_AGGRESSIVE;
				GCC_WARN_UNUSED_FUNCTION = YES;
				GCC_WARN_UNUSED_VARIABLE = YES;
				IPHONEOS_DEPLOYMENT_TARGET = 10.2;
				MTL_ENABLE_DEBUG_INFO = YES;
				ONLY_ACTIVE_ARCH = YES;
				SDKROOT = iphoneos;
				SWIFT_ACTIVE_COMPILATION_CONDITIONS = DEBUG;
				SWIFT_OPTIMIZATION_LEVEL = "-Onone";
				TARGETED_DEVICE_FAMILY = "1,2";
			};
			name = Debug;
		};
		949ACE951E54D556005FCC71 /* Release */ = {
			isa = XCBuildConfiguration;
			buildSettings = {
				ALWAYS_SEARCH_USER_PATHS = NO;
				CLANG_ANALYZER_NONNULL = YES;
				CLANG_CXX_LANGUAGE_STANDARD = "gnu++0x";
				CLANG_CXX_LIBRARY = "libc++";
				CLANG_ENABLE_MODULES = YES;
				CLANG_ENABLE_OBJC_ARC = YES;
				CLANG_WARN_BOOL_CONVERSION = YES;
				CLANG_WARN_CONSTANT_CONVERSION = YES;
				CLANG_WARN_DIRECT_OBJC_ISA_USAGE = YES_ERROR;
				CLANG_WARN_DOCUMENTATION_COMMENTS = YES;
				CLANG_WARN_EMPTY_BODY = YES;
				CLANG_WARN_ENUM_CONVERSION = YES;
				CLANG_WARN_INFINITE_RECURSION = YES;
				CLANG_WARN_INT_CONVERSION = YES;
				CLANG_WARN_OBJC_ROOT_CLASS = YES_ERROR;
				CLANG_WARN_SUSPICIOUS_MOVE = YES;
				CLANG_WARN_UNREACHABLE_CODE = YES;
				CLANG_WARN__DUPLICATE_METHOD_MATCH = YES;
				"CODE_SIGN_IDENTITY[sdk=iphoneos*]" = "iPhone Developer";
				COPY_PHASE_STRIP = NO;
				DEBUG_INFORMATION_FORMAT = "dwarf-with-dsym";
				ENABLE_NS_ASSERTIONS = NO;
				ENABLE_STRICT_OBJC_MSGSEND = YES;
				GCC_C_LANGUAGE_STANDARD = gnu99;
				GCC_NO_COMMON_BLOCKS = YES;
				GCC_WARN_64_TO_32_BIT_CONVERSION = YES;
				GCC_WARN_ABOUT_RETURN_TYPE = YES_ERROR;
				GCC_WARN_UNDECLARED_SELECTOR = YES;
				GCC_WARN_UNINITIALIZED_AUTOS = YES_AGGRESSIVE;
				GCC_WARN_UNUSED_FUNCTION = YES;
				GCC_WARN_UNUSED_VARIABLE = YES;
				IPHONEOS_DEPLOYMENT_TARGET = 10.2;
				MTL_ENABLE_DEBUG_INFO = NO;
				SDKROOT = iphoneos;
				SWIFT_OPTIMIZATION_LEVEL = "-Owholemodule";
				TARGETED_DEVICE_FAMILY = "1,2";
				VALIDATE_PRODUCT = YES;
			};
			name = Release;
		};
		949ACE971E54D556005FCC71 /* Debug */ = {
			isa = XCBuildConfiguration;
			buildSettings = {
				ASSETCATALOG_COMPILER_APPICON_NAME = AppIcon;
				CLANG_ENABLE_MODULES = YES;
				DEVELOPMENT_TEAM = 4QWLAVZU44;
				FRAMEWORK_SEARCH_PATHS = (
					"$(inherited)",
					"$(PROJECT_DIR)/BumpTracker",
				);
				INFOPLIST_FILE = BumpTracker/Info.plist;
				LD_RUNPATH_SEARCH_PATHS = "$(inherited) @executable_path/Frameworks";
				PRODUCT_BUNDLE_IDENTIFIER = com.mgarrettcox.BumpTracker;
				PRODUCT_NAME = "$(TARGET_NAME)";
				SWIFT_OBJC_BRIDGING_HEADER = "BumpTracker/BumpTracker-Bridging-Header.h";
				SWIFT_OPTIMIZATION_LEVEL = "-Onone";
				SWIFT_VERSION = 3.0;
			};
			name = Debug;
		};
		949ACE981E54D556005FCC71 /* Release */ = {
			isa = XCBuildConfiguration;
			buildSettings = {
				ASSETCATALOG_COMPILER_APPICON_NAME = AppIcon;
				CLANG_ENABLE_MODULES = YES;
				DEVELOPMENT_TEAM = 4QWLAVZU44;
				FRAMEWORK_SEARCH_PATHS = (
					"$(inherited)",
					"$(PROJECT_DIR)/BumpTracker",
				);
				INFOPLIST_FILE = BumpTracker/Info.plist;
				LD_RUNPATH_SEARCH_PATHS = "$(inherited) @executable_path/Frameworks";
				PRODUCT_BUNDLE_IDENTIFIER = com.mgarrettcox.BumpTracker;
				PRODUCT_NAME = "$(TARGET_NAME)";
				SWIFT_OBJC_BRIDGING_HEADER = "BumpTracker/BumpTracker-Bridging-Header.h";
				SWIFT_VERSION = 3.0;
			};
			name = Release;
		};
		949ACE9A1E54D556005FCC71 /* Debug */ = {
			isa = XCBuildConfiguration;
			buildSettings = {
				ALWAYS_EMBED_SWIFT_STANDARD_LIBRARIES = YES;
				BUNDLE_LOADER = "$(TEST_HOST)";
				DEVELOPMENT_TEAM = 4QWLAVZU44;
				INFOPLIST_FILE = BumpTrackerTests/Info.plist;
				LD_RUNPATH_SEARCH_PATHS = "$(inherited) @executable_path/Frameworks @loader_path/Frameworks";
				PRODUCT_BUNDLE_IDENTIFIER = com.mgarrettcox.BumpTrackerTests;
				PRODUCT_NAME = "$(TARGET_NAME)";
				SWIFT_VERSION = 3.0;
				TEST_HOST = "$(BUILT_PRODUCTS_DIR)/BumpTracker.app/BumpTracker";
			};
			name = Debug;
		};
		949ACE9B1E54D556005FCC71 /* Release */ = {
			isa = XCBuildConfiguration;
			buildSettings = {
				ALWAYS_EMBED_SWIFT_STANDARD_LIBRARIES = YES;
				BUNDLE_LOADER = "$(TEST_HOST)";
				DEVELOPMENT_TEAM = 4QWLAVZU44;
				INFOPLIST_FILE = BumpTrackerTests/Info.plist;
				LD_RUNPATH_SEARCH_PATHS = "$(inherited) @executable_path/Frameworks @loader_path/Frameworks";
				PRODUCT_BUNDLE_IDENTIFIER = com.mgarrettcox.BumpTrackerTests;
				PRODUCT_NAME = "$(TARGET_NAME)";
				SWIFT_VERSION = 3.0;
				TEST_HOST = "$(BUILT_PRODUCTS_DIR)/BumpTracker.app/BumpTracker";
			};
			name = Release;
		};
		949ACE9D1E54D556005FCC71 /* Debug */ = {
			isa = XCBuildConfiguration;
			buildSettings = {
				ALWAYS_EMBED_SWIFT_STANDARD_LIBRARIES = YES;
				DEVELOPMENT_TEAM = 4QWLAVZU44;
				INFOPLIST_FILE = BumpTrackerUITests/Info.plist;
				LD_RUNPATH_SEARCH_PATHS = "$(inherited) @executable_path/Frameworks @loader_path/Frameworks";
				PRODUCT_BUNDLE_IDENTIFIER = com.mgarrettcox.BumpTrackerUITests;
				PRODUCT_NAME = "$(TARGET_NAME)";
				SWIFT_VERSION = 3.0;
				TEST_TARGET_NAME = BumpTracker;
			};
			name = Debug;
		};
		949ACE9E1E54D556005FCC71 /* Release */ = {
			isa = XCBuildConfiguration;
			buildSettings = {
				ALWAYS_EMBED_SWIFT_STANDARD_LIBRARIES = YES;
				DEVELOPMENT_TEAM = 4QWLAVZU44;
				INFOPLIST_FILE = BumpTrackerUITests/Info.plist;
				LD_RUNPATH_SEARCH_PATHS = "$(inherited) @executable_path/Frameworks @loader_path/Frameworks";
				PRODUCT_BUNDLE_IDENTIFIER = com.mgarrettcox.BumpTrackerUITests;
				PRODUCT_NAME = "$(TARGET_NAME)";
				SWIFT_VERSION = 3.0;
				TEST_TARGET_NAME = BumpTracker;
			};
			name = Release;
		};
/* End XCBuildConfiguration section */

/* Begin XCConfigurationList section */
		949ACE661E54D555005FCC71 /* Build configuration list for PBXProject "BumpTracker" */ = {
			isa = XCConfigurationList;
			buildConfigurations = (
				949ACE941E54D556005FCC71 /* Debug */,
				949ACE951E54D556005FCC71 /* Release */,
			);
			defaultConfigurationIsVisible = 0;
			defaultConfigurationName = Release;
		};
		949ACE961E54D556005FCC71 /* Build configuration list for PBXNativeTarget "BumpTracker" */ = {
			isa = XCConfigurationList;
			buildConfigurations = (
				949ACE971E54D556005FCC71 /* Debug */,
				949ACE981E54D556005FCC71 /* Release */,
			);
			defaultConfigurationIsVisible = 0;
			defaultConfigurationName = Release;
		};
		949ACE991E54D556005FCC71 /* Build configuration list for PBXNativeTarget "BumpTrackerTests" */ = {
			isa = XCConfigurationList;
			buildConfigurations = (
				949ACE9A1E54D556005FCC71 /* Debug */,
				949ACE9B1E54D556005FCC71 /* Release */,
			);
			defaultConfigurationIsVisible = 0;
			defaultConfigurationName = Release;
		};
		949ACE9C1E54D556005FCC71 /* Build configuration list for PBXNativeTarget "BumpTrackerUITests" */ = {
			isa = XCConfigurationList;
			buildConfigurations = (
				949ACE9D1E54D556005FCC71 /* Debug */,
				949ACE9E1E54D556005FCC71 /* Release */,
			);
			defaultConfigurationIsVisible = 0;
			defaultConfigurationName = Release;
		};
/* End XCConfigurationList section */

/* Begin XCVersionGroup section */
		949ACE751E54D555005FCC71 /* BumpTracker.xcdatamodeld */ = {
			isa = XCVersionGroup;
			children = (
				949ACE761E54D555005FCC71 /* BumpTracker.xcdatamodel */,
			);
			currentVersion = 949ACE761E54D555005FCC71 /* BumpTracker.xcdatamodel */;
			path = BumpTracker.xcdatamodeld;
			sourceTree = "<group>";
			versionGroupType = wrapper.xcdatamodel;
		};
/* End XCVersionGroup section */
	};
	rootObject = 949ACE631E54D555005FCC71 /* Project object */;
}
